{
  "name": "slimevr-ui",
  "version": "0.2.0",
  "lockfileVersion": 2,
  "requires": true,
  "packages": {
    "": {
      "name": "slimevr-ui",
      "version": "0.2.0",
      "hasInstallScript": true,
      "devDependencies": {
        "husky": "^8.0.2"
      }
    },
    "node_modules/husky": {
      "version": "8.0.2",
      "resolved": "https://registry.npmjs.org/husky/-/husky-8.0.2.tgz",
      "integrity": "sha512-Tkv80jtvbnkK3mYWxPZePGFpQ/tT3HNSs/sasF9P2YfkMezDl3ON37YN6jUUI4eTg5LcyVynlb6r4eyvOmspvg==",
      "dev": true,
      "bin": {
        "husky": "lib/bin.js"
      },
      "engines": {
        "node": ">=14"
      },
      "funding": {
        "url": "https://github.com/sponsors/typicode"
      }
    }
  },
  "dependencies": {
    "husky": {
      "version": "8.0.2",
      "resolved": "https://registry.npmjs.org/husky/-/husky-8.0.2.tgz",
      "integrity": "sha512-Tkv80jtvbnkK3mYWxPZePGFpQ/tT3HNSs/sasF9P2YfkMezDl3ON37YN6jUUI4eTg5LcyVynlb6r4eyvOmspvg==",
      "dev": true
    }
  }
}
